
Microsoft Visual Studio Solution File, Format Version 12.00
# Visual Studio Version 17
VisualStudioVersion = 17.7.34202.233
MinimumVisualStudioVersion = 10.0.40219.1
Project("{FAE04EC0-301F-11D3-BF4B-00C04F79EFBC}") = "shambala_sistem_programming_24-10-2023", "shambala_sistem_programming_24-10-2023.csproj", "{1AE8D2F1-3CA6-485B-B73E-232E254D4F33}"
EndProject
Global
	GlobalSection(SolutionConfigurationPlatforms) = preSolution
		Debug|Any CPU = Debug|Any CPU
		Debug|x64 = Debug|x64
		Release|Any CPU = Release|Any CPU
		Release|x64 = Release|x64
	EndGlobalSection
	GlobalSection(ProjectConfigurationPlatforms) = postSolution
		{1AE8D2F1-3CA6-485B-B73E-232E254D4F33}.Debug|Any CPU.ActiveCfg = Debug|Any CPU
		{1AE8D2F1-3CA6-485B-B73E-232E254D4F33}.Debug|Any CPU.Build.0 = Debug|Any CPU
		{1AE8D2F1-3CA6-485B-B73E-232E254D4F33}.Debug|x64.ActiveCfg = Debug|x64
		{1AE8D2F1-3CA6-485B-B73E-232E254D4F33}.Debug|x64.Build.0 = Debug|x64
		{1AE8D2F1-3CA6-485B-B73E-232E254D4F33}.Release|Any CPU.ActiveCfg = Release|Any CPU
		{1AE8D2F1-3CA6-485B-B73E-232E254D4F33}.Release|Any CPU.Build.0 = Release|Any CPU
		{1AE8D2F1-3CA6-485B-B73E-232E254D4F33}.Release|x64.ActiveCfg = Release|x64
		{1AE8D2F1-3CA6-485B-B73E-232E254D4F33}.Release|x64.Build.0 = Release|x64
	EndGlobalSection
	GlobalSection(SolutionProperties) = preSolution
		HideSolutionNode = FALSE
	EndGlobalSection
	GlobalSection(ExtensibilityGlobals) = postSolution
		SolutionGuid = {5ECC7381-5FEB-40CC-80DC-13915114FE68}
	EndGlobalSection
EndGlobal
